
Microsoft Visual Studio Solution File, Format Version 12.00
# Visual Studio Version 16
VisualStudioVersion = 16.0.29613.14
MinimumVisualStudioVersion = 10.0.40219.1
Project("{FAE04EC0-301F-11D3-BF4B-00C04F79EFBC}") = "KendoUI_jQuery_Validator_101", "KendoUI_jQuery_Validator_101\KendoUI_jQuery_Validator_101.csproj", "{8EF67195-0865-4D0E-BA30-E3A41C1DBE16}"
EndProject
Global
	GlobalSection(SolutionConfigurationPlatforms) = preSolution
		Debug|Any CPU = Debug|Any CPU
		Release|Any CPU = Release|Any CPU
	EndGlobalSection
	GlobalSection(ProjectConfigurationPlatforms) = postSolution
		{8EF67195-0865-4D0E-BA30-E3A41C1DBE16}.Debug|Any CPU.ActiveCfg = Debug|Any CPU
		{8EF67195-0865-4D0E-BA30-E3A41C1DBE16}.Debug|Any CPU.Build.0 = Debug|Any CPU
		{8EF67195-0865-4D0E-BA30-E3A41C1DBE16}.Release|Any CPU.ActiveCfg = Release|Any CPU
		{8EF67195-0865-4D0E-BA30-E3A41C1DBE16}.Release|Any CPU.Build.0 = Release|Any CPU
	EndGlobalSection
	GlobalSection(SolutionProperties) = preSolution
		HideSolutionNode = FALSE
	EndGlobalSection
	GlobalSection(ExtensibilityGlobals) = postSolution
		SolutionGuid = {9B512517-AEAE-4E8C-AE72-A7B5230FE4D5}
	EndGlobalSection
EndGlobal
